// !$*UTF8*$!
{
	archiveVersion = 1;
	classes = {
	};
	objectVersion = 50;
	objects = {

/* Begin PBXBuildFile section */
		6A5A488B2230CB0500FF02BB /* AppDelegate.swift in Sources */ = {isa = PBXBuildFile; fileRef = 6A5A488A2230CB0500FF02BB /* AppDelegate.swift */; };
		6A5A488D2230CB0500FF02BB /* ViewController.swift in Sources */ = {isa = PBXBuildFile; fileRef = 6A5A488C2230CB0500FF02BB /* ViewController.swift */; };
		6A5A48902230CB0500FF02BB /* Main.storyboard in Resources */ = {isa = PBXBuildFile; fileRef = 6A5A488E2230CB0500FF02BB /* Main.storyboard */; };
		6A5A48922230CB0600FF02BB /* Assets.xcassets in Resources */ = {isa = PBXBuildFile; fileRef = 6A5A48912230CB0600FF02BB /* Assets.xcassets */; };
		6A5A48952230CB0600FF02BB /* LaunchScreen.storyboard in Resources */ = {isa = PBXBuildFile; fileRef = 6A5A48932230CB0600FF02BB /* LaunchScreen.storyboard */; };
		6AC101982231245700A9ECFC /* LJNavigationDelegate.swift in Sources */ = {isa = PBXBuildFile; fileRef = 6AC101972231245700A9ECFC /* LJNavigationDelegate.swift */; };
		6AC1019A2231269700A9ECFC /* LJNavigationAnimator.swift in Sources */ = {isa = PBXBuildFile; fileRef = 6AC101992231269700A9ECFC /* LJNavigationAnimator.swift */; };
		6AC1019C223127CB00A9ECFC /* LJPopViewController.swift in Sources */ = {isa = PBXBuildFile; fileRef = 6AC1019B223127CB00A9ECFC /* LJPopViewController.swift */; };
		6AE903F822324D89008D4C75 /* LJPopGestureViewController.swift in Sources */ = {isa = PBXBuildFile; fileRef = 6AE903F722324D89008D4C75 /* LJPopGestureViewController.swift */; };
		6AE903FB22326453008D4C75 /* LJPresentViewController.swift in Sources */ = {isa = PBXBuildFile; fileRef = 6AE903FA22326453008D4C75 /* LJPresentViewController.swift */; };
		6AE903FD223264A7008D4C75 /* LJPresentAnimator.swift in Sources */ = {isa = PBXBuildFile; fileRef = 6AE903FC223264A7008D4C75 /* LJPresentAnimator.swift */; };
/* End PBXBuildFile section */

/* Begin PBXFileReference section */
		6A5A48872230CB0500FF02BB /* ViewControllerTransition.app */ = {isa = PBXFileReference; explicitFileType = wrapper.application; includeInIndex = 0; path = ViewControllerTransition.app; sourceTree = BUILT_PRODUCTS_DIR; };
		6A5A488A2230CB0500FF02BB /* AppDelegate.swift */ = {isa = PBXFileReference; lastKnownFileType = sourcecode.swift; path = AppDelegate.swift; sourceTree = "<group>"; };
		6A5A488C2230CB0500FF02BB /* ViewController.swift */ = {isa = PBXFileReference; lastKnownFileType = sourcecode.swift; path = ViewController.swift; sourceTree = "<group>"; };
		6A5A488F2230CB0500FF02BB /* Base */ = {isa = PBXFileReference; lastKnownFileType = file.storyboard; name = Base; path = Base.lproj/Main.storyboard; sourceTree = "<group>"; };
		6A5A48912230CB0600FF02BB /* Assets.xcassets */ = {isa = PBXFileReference; lastKnownFileType = folder.assetcatalog; path = Assets.xcassets; sourceTree = "<group>"; };
		6A5A48942230CB0600FF02BB /* Base */ = {isa = PBXFileReference; lastKnownFileType = file.storyboard; name = Base; path = Base.lproj/LaunchScreen.storyboard; sourceTree = "<group>"; };
		6A5A48962230CB0600FF02BB /* Info.plist */ = {isa = PBXFileReference; lastKnownFileType = text.plist.xml; path = Info.plist; sourceTree = "<group>"; };
		6AC101972231245700A9ECFC /* LJNavigationDelegate.swift */ = {isa = PBXFileReference; lastKnownFileType = sourcecode.swift; path = LJNavigationDelegate.swift; sourceTree = "<group>"; };
		6AC101992231269700A9ECFC /* LJNavigationAnimator.swift */ = {isa = PBXFileReference; lastKnownFileType = sourcecode.swift; path = LJNavigationAnimator.swift; sourceTree = "<group>"; };
		6AC1019B223127CB00A9ECFC /* LJPopViewController.swift */ = {isa = PBXFileReference; lastKnownFileType = sourcecode.swift; path = LJPopViewController.swift; sourceTree = "<group>"; };
		6AE903F722324D89008D4C75 /* LJPopGestureViewController.swift */ = {isa = PBXFileReference; lastKnownFileType = sourcecode.swift; path = LJPopGestureViewController.swift; sourceTree = "<group>"; };
		6AE903FA22326453008D4C75 /* LJPresentViewController.swift */ = {isa = PBXFileReference; lastKnownFileType = sourcecode.swift; path = LJPresentViewController.swift; sourceTree = "<group>"; };
		6AE903FC223264A7008D4C75 /* LJPresentAnimator.swift */ = {isa = PBXFileReference; lastKnownFileType = sourcecode.swift; path = LJPresentAnimator.swift; sourceTree = "<group>"; };
/* End PBXFileReference section */

/* Begin PBXFrameworksBuildPhase section */
		6A5A48842230CB0500FF02BB /* Frameworks */ = {
			isa = PBXFrameworksBuildPhase;
			buildActionMask = 2147483647;
			files = (
			);
			runOnlyForDeploymentPostprocessing = 0;
		};
/* End PBXFrameworksBuildPhase section */

/* Begin PBXGroup section */
		6A5A487E2230CB0500FF02BB = {
			isa = PBXGroup;
			children = (
				6A5A48892230CB0500FF02BB /* ViewControllerTransition */,
				6A5A48882230CB0500FF02BB /* Products */,
			);
			sourceTree = "<group>";
		};
		6A5A48882230CB0500FF02BB /* Products */ = {
			isa = PBXGroup;
			children = (
				6A5A48872230CB0500FF02BB /* ViewControllerTransition.app */,
			);
			name = Products;
			sourceTree = "<group>";
		};
		6A5A48892230CB0500FF02BB /* ViewControllerTransition */ = {
			isa = PBXGroup;
			children = (
				6AE903F92232642F008D4C75 /* presentAndDismiss */,
				6AC10193223122C000A9ECFC /* pushAndPop */,
				6A5A488A2230CB0500FF02BB /* AppDelegate.swift */,
				6A5A488C2230CB0500FF02BB /* ViewController.swift */,
				6A5A488E2230CB0500FF02BB /* Main.storyboard */,
				6A5A48912230CB0600FF02BB /* Assets.xcassets */,
				6A5A48932230CB0600FF02BB /* LaunchScreen.storyboard */,
				6A5A48962230CB0600FF02BB /* Info.plist */,
			);
			path = ViewControllerTransition;
			sourceTree = "<group>";
		};
		6AC10193223122C000A9ECFC /* pushAndPop */ = {
			isa = PBXGroup;
			children = (
				6AC101972231245700A9ECFC /* LJNavigationDelegate.swift */,
				6AC101992231269700A9ECFC /* LJNavigationAnimator.swift */,
				6AC1019B223127CB00A9ECFC /* LJPopViewController.swift */,
				6AE903F722324D89008D4C75 /* LJPopGestureViewController.swift */,
			);
			path = pushAndPop;
			sourceTree = "<group>";
		};
		6AE903F92232642F008D4C75 /* presentAndDismiss */ = {
			isa = PBXGroup;
			children = (
				6AE903FA22326453008D4C75 /* LJPresentViewController.swift */,
				6AE903FC223264A7008D4C75 /* LJPresentAnimator.swift */,
			);
			path = presentAndDismiss;
			sourceTree = "<group>";
		};
/* End PBXGroup section */

/* Begin PBXNativeTarget section */
		6A5A48862230CB0500FF02BB /* ViewControllerTransition */ = {
			isa = PBXNativeTarget;
			buildConfigurationList = 6A5A48992230CB0600FF02BB /* Build configuration list for PBXNativeTarget "ViewControllerTransition" */;
			buildPhases = (
				6A5A48832230CB0500FF02BB /* Sources */,
				6A5A48842230CB0500FF02BB /* Frameworks */,
				6A5A48852230CB0500FF02BB /* Resources */,
			);
			buildRules = (
			);
			dependencies = (
			);
			name = ViewControllerTransition;
			productName = ViewControllerTransition;
			productReference = 6A5A48872230CB0500FF02BB /* ViewControllerTransition.app */;
			productType = "com.apple.product-type.application";
		};
/* End PBXNativeTarget section */

/* Begin PBXProject section */
		6A5A487F2230CB0500FF02BB /* Project object */ = {
			isa = PBXProject;
			attributes = {
				LastSwiftUpdateCheck = 1010;
				LastUpgradeCheck = 1010;
				ORGANIZATIONNAME = "李杰";
				TargetAttributes = {
					6A5A48862230CB0500FF02BB = {
						CreatedOnToolsVersion = 10.1;
						LastSwiftMigration = 1010;
					};
				};
			};
			buildConfigurationList = 6A5A48822230CB0500FF02BB /* Build configuration list for PBXProject "ViewControllerTransition" */;
			compatibilityVersion = "Xcode 9.3";
			developmentRegion = en;
			hasScannedForEncodings = 0;
			knownRegions = (
				en,
				Base,
			);
			mainGroup = 6A5A487E2230CB0500FF02BB;
			productRefGroup = 6A5A48882230CB0500FF02BB /* Products */;
			projectDirPath = "";
			projectRoot = "";
			targets = (
				6A5A48862230CB0500FF02BB /* ViewControllerTransition */,
			);
		};
/* End PBXProject section */

/* Begin PBXResourcesBuildPhase section */
		6A5A48852230CB0500FF02BB /* Resources */ = {
			isa = PBXResourcesBuildPhase;
			buildActionMask = 2147483647;
			files = (
				6A5A48952230CB0600FF02BB /* LaunchScreen.storyboard in Resources */,
				6A5A48922230CB0600FF02BB /* Assets.xcassets in Resources */,
				6A5A48902230CB0500FF02BB /* Main.storyboard in Resources */,
			);
			runOnlyForDeploymentPostprocessing = 0;
		};
/* End PBXResourcesBuildPhase section */

/* Begin PBXSourcesBuildPhase section */
		6A5A48832230CB0500FF02BB /* Sources */ = {
			isa = PBXSourcesBuildPhase;
			buildActionMask = 2147483647;
			files = (
				6A5A488D2230CB0500FF02BB /* ViewController.swift in Sources */,
				6AC1019C223127CB00A9ECFC /* LJPopViewController.swift in Sources */,
				6A5A488B2230CB0500FF02BB /* AppDelegate.swift in Sources */,
				6AC1019A2231269700A9ECFC /* LJNavigationAnimator.swift in Sources */,
				6AE903FD223264A7008D4C75 /* LJPresentAnimator.swift in Sources */,
				6AE903F822324D89008D4C75 /* LJPopGestureViewController.swift in Sources */,
				6AE903FB22326453008D4C75 /* LJPresentViewController.swift in Sources */,
				6AC101982231245700A9ECFC /* LJNavigationDelegate.swift in Sources */,
			);
			runOnlyForDeploymentPostprocessing = 0;
		};
/* End PBXSourcesBuildPhase section */

/* Begin PBXVariantGroup section */
		6A5A488E2230CB0500FF02BB /* Main.storyboard */ = {
			isa = PBXVariantGroup;
			children = (
				6A5A488F2230CB0500FF02BB /* Base */,
			);
			name = Main.storyboard;
			sourceTree = "<group>";
		};
		6A5A48932230CB0600FF02BB /* LaunchScreen.storyboard */ = {
			isa = PBXVariantGroup;
			children = (
				6A5A48942230CB0600FF02BB /* Base */,
			);
			name = LaunchScreen.storyboard;
			sourceTree = "<group>";
		};
/* End PBXVariantGroup section */

/* Begin XCBuildConfiguration section */
		6A5A48972230CB0600FF02BB /* Debug */ = {
			isa = XCBuildConfiguration;
			buildSettings = {
				ALWAYS_SEARCH_USER_PATHS = NO;
				CLANG_ANALYZER_NONNULL = YES;
				CLANG_ANALYZER_NUMBER_OBJECT_CONVERSION = YES_AGGRESSIVE;
				CLANG_CXX_LANGUAGE_STANDARD = "gnu++14";
				CLANG_CXX_LIBRARY = "libc++";
				CLANG_ENABLE_MODULES = YES;
				CLANG_ENABLE_OBJC_ARC = YES;
				CLANG_ENABLE_OBJC_WEAK = YES;
				CLANG_WARN_BLOCK_CAPTURE_AUTORELEASING = YES;
				CLANG_WARN_BOOL_CONVERSION = YES;
				CLANG_WARN_COMMA = YES;
				CLANG_WARN_CONSTANT_CONVERSION = YES;
				CLANG_WARN_DEPRECATED_OBJC_IMPLEMENTATIONS = YES;
				CLANG_WARN_DIRECT_OBJC_ISA_USAGE = YES_ERROR;
				CLANG_WARN_DOCUMENTATION_COMMENTS = YES;
				CLANG_WARN_EMPTY_BODY = YES;
				CLANG_WARN_ENUM_CONVERSION = YES;
				CLANG_WARN_INFINITE_RECURSION = YES;
				CLANG_WARN_INT_CONVERSION = YES;
				CLANG_WARN_NON_LITERAL_NULL_CONVERSION = YES;
				CLANG_WARN_OBJC_IMPLICIT_RETAIN_SELF = YES;
				CLANG_WARN_OBJC_LITERAL_CONVERSION = YES;
				CLANG_WARN_OBJC_ROOT_CLASS = YES_ERROR;
				CLANG_WARN_RANGE_LOOP_ANALYSIS = YES;
				CLANG_WARN_STRICT_PROTOTYPES = YES;
				CLANG_WARN_SUSPICIOUS_MOVE = YES;
				CLANG_WARN_UNGUARDED_AVAILABILITY = YES_AGGRESSIVE;
				CLANG_WARN_UNREACHABLE_CODE = YES;
				CLANG_WARN__DUPLICATE_METHOD_MATCH = YES;
				CODE_SIGN_IDENTITY = "iPhone Developer";
				COPY_PHASE_STRIP = NO;
				DEBUG_INFORMATION_FORMAT = dwarf;
				ENABLE_STRICT_OBJC_MSGSEND = YES;
				ENABLE_TESTABILITY = YES;
				GCC_C_LANGUAGE_STANDARD = gnu11;
				GCC_DYNAMIC_NO_PIC = NO;
				GCC_NO_COMMON_BLOCKS = YES;
				GCC_OPTIMIZATION_LEVEL = 0;
				GCC_PREPROCESSOR_DEFINITIONS = (
					"DEBUG=1",
					"$(inherited)",
				);
				GCC_WARN_64_TO_32_BIT_CONVERSION = YES;
				GCC_WARN_ABOUT_RETURN_TYPE = YES_ERROR;
				GCC_WARN_UNDECLARED_SELECTOR = YES;
				GCC_WARN_UNINITIALIZED_AUTOS = YES_AGGRESSIVE;
				GCC_WARN_UNUSED_FUNCTION = YES;
				GCC_WARN_UNUSED_VARIABLE = YES;
				IPHONEOS_DEPLOYMENT_TARGET = 12.1;
				MTL_ENABLE_DEBUG_INFO = INCLUDE_SOURCE;
				MTL_FAST_MATH = YES;
				ONLY_ACTIVE_ARCH = YES;
				SDKROOT = iphoneos;
				SWIFT_ACTIVE_COMPILATION_CONDITIONS = DEBUG;
				SWIFT_OPTIMIZATION_LEVEL = "-Onone";
			};
			name = Debug;
		};
		6A5A48982230CB0600FF02BB /* Release */ = {
			isa = XCBuildConfiguration;
			buildSettings = {
				ALWAYS_SEARCH_USER_PATHS = NO;
				CLANG_ANALYZER_NONNULL = YES;
				CLANG_ANALYZER_NUMBER_OBJECT_CONVERSION = YES_AGGRESSIVE;
				CLANG_CXX_LANGUAGE_STANDARD = "gnu++14";
				CLANG_CXX_LIBRARY = "libc++";
				CLANG_ENABLE_MODULES = YES;
				CLANG_ENABLE_OBJC_ARC = YES;
				CLANG_ENABLE_OBJC_WEAK = YES;
				CLANG_WARN_BLOCK_CAPTURE_AUTORELEASING = YES;
				CLANG_WARN_BOOL_CONVERSION = YES;
				CLANG_WARN_COMMA = YES;
				CLANG_WARN_CONSTANT_CONVERSION = YES;
				CLANG_WARN_DEPRECATED_OBJC_IMPLEMENTATIONS = YES;
				CLANG_WARN_DIRECT_OBJC_ISA_USAGE = YES_ERROR;
				CLANG_WARN_DOCUMENTATION_COMMENTS = YES;
				CLANG_WARN_EMPTY_BODY = YES;
				CLANG_WARN_ENUM_CONVERSION = YES;
				CLANG_WARN_INFINITE_RECURSION = YES;
				CLANG_WARN_INT_CONVERSION = YES;
				CLANG_WARN_NON_LITERAL_NULL_CONVERSION = YES;
				CLANG_WARN_OBJC_IMPLICIT_RETAIN_SELF = YES;
				CLANG_WARN_OBJC_LITERAL_CONVERSION = YES;
				CLANG_WARN_OBJC_ROOT_CLASS = YES_ERROR;
				CLANG_WARN_RANGE_LOOP_ANALYSIS = YES;
				CLANG_WARN_STRICT_PROTOTYPES = YES;
				CLANG_WARN_SUSPICIOUS_MOVE = YES;
				CLANG_WARN_UNGUARDED_AVAILABILITY = YES_AGGRESSIVE;
				CLANG_WARN_UNREACHABLE_CODE = YES;
				CLANG_WARN__DUPLICATE_METHOD_MATCH = YES;
				CODE_SIGN_IDENTITY = "iPhone Developer";
				COPY_PHASE_STRIP = NO;
				DEBUG_INFORMATION_FORMAT = "dwarf-with-dsym";
				ENABLE_NS_ASSERTIONS = NO;
				ENABLE_STRICT_OBJC_MSGSEND = YES;
				GCC_C_LANGUAGE_STANDARD = gnu11;
				GCC_NO_COMMON_BLOCKS = YES;
				GCC_WARN_64_TO_32_BIT_CONVERSION = YES;
				GCC_WARN_ABOUT_RETURN_TYPE = YES_ERROR;
				GCC_WARN_UNDECLARED_SELECTOR = YES;
				GCC_WARN_UNINITIALIZED_AUTOS = YES_AGGRESSIVE;
				GCC_WARN_UNUSED_FUNCTION = YES;
				GCC_WARN_UNUSED_VARIABLE = YES;
				IPHONEOS_DEPLOYMENT_TARGET = 12.1;
				MTL_ENABLE_DEBUG_INFO = NO;
				MTL_FAST_MATH = YES;
				SDKROOT = iphoneos;
				SWIFT_COMPILATION_MODE = wholemodule;
				SWIFT_OPTIMIZATION_LEVEL = "-O";
				VALIDATE_PRODUCT = YES;
			};
			name = Release;
		};
		6A5A489A2230CB0600FF02BB /* Debug */ = {
			isa = XCBuildConfiguration;
			buildSettings = {
				ASSETCATALOG_COMPILER_APPICON_NAME = AppIcon;
				CLANG_ENABLE_MODULES = YES;
				CODE_SIGN_STYLE = Automatic;
				INFOPLIST_FILE = ViewControllerTransition/Info.plist;
				LD_RUNPATH_SEARCH_PATHS = (
					"$(inherited)",
					"@executable_path/Frameworks",
				);
				PRODUCT_BUNDLE_IDENTIFIER = come.hackjie.ViewControllerTransition;
				PRODUCT_NAME = "$(TARGET_NAME)";
				SWIFT_OPTIMIZATION_LEVEL = "-Onone";
				SWIFT_VERSION = 4.2;
				TARGETED_DEVICE_FAMILY = "1,2";
			};
			name = Debug;
		};
		6A5A489B2230CB0600FF02BB /* Release */ = {
			isa = XCBuildConfiguration;
			buildSettings = {
				ASSETCATALOG_COMPILER_APPICON_NAME = AppIcon;
				CLANG_ENABLE_MODULES = YES;
				CODE_SIGN_STYLE = Automatic;
				INFOPLIST_FILE = ViewControllerTransition/Info.plist;
				LD_RUNPATH_SEARCH_PATHS = (
					"$(inherited)",
					"@executable_path/Frameworks",
				);
				PRODUCT_BUNDLE_IDENTIFIER = come.hackjie.ViewControllerTransition;
				PRODUCT_NAME = "$(TARGET_NAME)";
				SWIFT_VERSION = 4.2;
				TARGETED_DEVICE_FAMILY = "1,2";
			};
			name = Release;
		};
/* End XCBuildConfiguration section */

/* Begin XCConfigurationList section */
		6A5A48822230CB0500FF02BB /* Build configuration list for PBXProject "ViewControllerTransition" */ = {
			isa = XCConfigurationList;
			buildConfigurations = (
				6A5A48972230CB0600FF02BB /* Debug */,
				6A5A48982230CB0600FF02BB /* Release */,
			);
			defaultConfigurationIsVisible = 0;
			defaultConfigurationName = Release;
		};
		6A5A48992230CB0600FF02BB /* Build configuration list for PBXNativeTarget "ViewControllerTransition" */ = {
			isa = XCConfigurationList;
			buildConfigurations = (
				6A5A489A2230CB0600FF02BB /* Debug */,
				6A5A489B2230CB0600FF02BB /* Release */,
			);
			defaultConfigurationIsVisible = 0;
			defaultConfigurationName = Release;
		};
/* End XCConfigurationList section */
	};
	rootObject = 6A5A487F2230CB0500FF02BB /* Project object */;
}
